// !$*UTF8*$!
{
	archiveVersion = 1;
	classes = {
	};
	objectVersion = 50;
	objects = {

/* Begin PBXBuildFile section */
		D240CF18236695EB001F9099 /* AppDelegate.swift in Sources */ = {isa = PBXBuildFile; fileRef = D240CF17236695EB001F9099 /* AppDelegate.swift */; };
		D240CF1A236695EB001F9099 /* SceneDelegate.swift in Sources */ = {isa = PBXBuildFile; fileRef = D240CF19236695EB001F9099 /* SceneDelegate.swift */; };
		D240CF1C236695EB001F9099 /* ViewController.swift in Sources */ = {isa = PBXBuildFile; fileRef = D240CF1B236695EB001F9099 /* ViewController.swift */; };
		D240CF1F236695EB001F9099 /* Main.storyboard in Resources */ = {isa = PBXBuildFile; fileRef = D240CF1D236695EB001F9099 /* Main.storyboard */; };
		D240CF21236695EC001F9099 /* Assets.xcassets in Resources */ = {isa = PBXBuildFile; fileRef = D240CF20236695EC001F9099 /* Assets.xcassets */; };
		D240CF24236695EC001F9099 /* LaunchScreen.storyboard in Resources */ = {isa = PBXBuildFile; fileRef = D240CF22236695EC001F9099 /* LaunchScreen.storyboard */; };
/* End PBXBuildFile section */

/* Begin PBXFileReference section */
		D240CF14236695EB001F9099 /* CheckForFirstTimeLaunchDemo.app */ = {isa = PBXFileReference; explicitFileType = wrapper.application; includeInIndex = 0; path = CheckForFirstTimeLaunchDemo.app; sourceTree = BUILT_PRODUCTS_DIR; };
		D240CF17236695EB001F9099 /* AppDelegate.swift */ = {isa = PBXFileReference; lastKnownFileType = sourcecode.swift; path = AppDelegate.swift; sourceTree = "<group>"; };
		D240CF19236695EB001F9099 /* SceneDelegate.swift */ = {isa = PBXFileReference; lastKnownFileType = sourcecode.swift; path = SceneDelegate.swift; sourceTree = "<group>"; };
		D240CF1B236695EB001F9099 /* ViewController.swift */ = {isa = PBXFileReference; lastKnownFileType = sourcecode.swift; path = ViewController.swift; sourceTree = "<group>"; };
		D240CF1E236695EB001F9099 /* Base */ = {isa = PBXFileReference; lastKnownFileType = file.storyboard; name = Base; path = Base.lproj/Main.storyboard; sourceTree = "<group>"; };
		D240CF20236695EC001F9099 /* Assets.xcassets */ = {isa = PBXFileReference; lastKnownFileType = folder.assetcatalog; path = Assets.xcassets; sourceTree = "<group>"; };
		D240CF23236695EC001F9099 /* Base */ = {isa = PBXFileReference; lastKnownFileType = file.storyboard; name = Base; path = Base.lproj/LaunchScreen.storyboard; sourceTree = "<group>"; };
		D240CF25236695EC001F9099 /* Info.plist */ = {isa = PBXFileReference; lastKnownFileType = text.plist.xml; path = Info.plist; sourceTree = "<group>"; };
/* End PBXFileReference section */

/* Begin PBXFrameworksBuildPhase section */
		D240CF11236695EB001F9099 /* Frameworks */ = {
			isa = PBXFrameworksBuildPhase;
			buildActionMask = 2147483647;
			files = (
			);
			runOnlyForDeploymentPostprocessing = 0;
		};
/* End PBXFrameworksBuildPhase section */

/* Begin PBXGroup section */
		D240CF0B236695EA001F9099 = {
			isa = PBXGroup;
			children = (
				D240CF16236695EB001F9099 /* CheckForFirstTimeLaunchDemo */,
				D240CF15236695EB001F9099 /* Products */,
			);
			sourceTree = "<group>";
		};
		D240CF15236695EB001F9099 /* Products */ = {
			isa = PBXGroup;
			children = (
				D240CF14236695EB001F9099 /* CheckForFirstTimeLaunchDemo.app */,
			);
			name = Products;
			sourceTree = "<group>";
		};
		D240CF16236695EB001F9099 /* CheckForFirstTimeLaunchDemo */ = {
			isa = PBXGroup;
			children = (
				D240CF17236695EB001F9099 /* AppDelegate.swift */,
				D240CF19236695EB001F9099 /* SceneDelegate.swift */,
				D240CF1B236695EB001F9099 /* ViewController.swift */,
				D240CF1D236695EB001F9099 /* Main.storyboard */,
				D240CF20236695EC001F9099 /* Assets.xcassets */,
				D240CF22236695EC001F9099 /* LaunchScreen.storyboard */,
				D240CF25236695EC001F9099 /* Info.plist */,
			);
			path = CheckForFirstTimeLaunchDemo;
			sourceTree = "<group>";
		};
/* End PBXGroup section */

/* Begin PBXNativeTarget section */
		D240CF13236695EB001F9099 /* CheckForFirstTimeLaunchDemo */ = {
			isa = PBXNativeTarget;
			buildConfigurationList = D240CF28236695EC001F9099 /* Build configuration list for PBXNativeTarget "CheckForFirstTimeLaunchDemo" */;
			buildPhases = (
				D240CF10236695EB001F9099 /* Sources */,
				D240CF11236695EB001F9099 /* Frameworks */,
				D240CF12236695EB001F9099 /* Resources */,
			);
			buildRules = (
			);
			dependencies = (
			);
			name = CheckForFirstTimeLaunchDemo;
			productName = CheckForFirstTimeLaunchDemo;
			productReference = D240CF14236695EB001F9099 /* CheckForFirstTimeLaunchDemo.app */;
			productType = "com.apple.product-type.application";
		};
/* End PBXNativeTarget section */

/* Begin PBXProject section */
		D240CF0C236695EA001F9099 /* Project object */ = {
			isa = PBXProject;
			attributes = {
				LastSwiftUpdateCheck = 1110;
				LastUpgradeCheck = 1110;
				ORGANIZATIONNAME = "Eric Walker";
				TargetAttributes = {
					D240CF13236695EB001F9099 = {
						CreatedOnToolsVersion = 11.1;
					};
				};
			};
			buildConfigurationList = D240CF0F236695EA001F9099 /* Build configuration list for PBXProject "CheckForFirstTimeLaunchDemo" */;
			compatibilityVersion = "Xcode 9.3";
			developmentRegion = en;
			hasScannedForEncodings = 0;
			knownRegions = (
				en,
				Base,
			);
			mainGroup = D240CF0B236695EA001F9099;
			productRefGroup = D240CF15236695EB001F9099 /* Products */;
			projectDirPath = "";
			projectRoot = "";
			targets = (
				D240CF13236695EB001F9099 /* CheckForFirstTimeLaunchDemo */,
			);
		};
/* End PBXProject section */

/* Begin PBXResourcesBuildPhase section */
		D240CF12236695EB001F9099 /* Resources */ = {
			isa = PBXResourcesBuildPhase;
			buildActionMask = 2147483647;
			files = (
				D240CF24236695EC001F9099 /* LaunchScreen.storyboard in Resources */,
				D240CF21236695EC001F9099 /* Assets.xcassets in Resources */,
				D240CF1F236695EB001F9099 /* Main.storyboard in Resources */,
			);
			runOnlyForDeploymentPostprocessing = 0;
		};
/* End PBXResourcesBuildPhase section */

/* Begin PBXSourcesBuildPhase section */
		D240CF10236695EB001F9099 /* Sources */ = {
			isa = PBXSourcesBuildPhase;
			buildActionMask = 2147483647;
			files = (
				D240CF1C236695EB001F9099 /* ViewController.swift in Sources */,
				D240CF18236695EB001F9099 /* AppDelegate.swift in Sources */,
				D240CF1A236695EB001F9099 /* SceneDelegate.swift in Sources */,
			);
			runOnlyForDeploymentPostprocessing = 0;
		};
/* End PBXSourcesBuildPhase section */

/* Begin PBXVariantGroup section */
		D240CF1D236695EB001F9099 /* Main.storyboard */ = {
			isa = PBXVariantGroup;
			children = (
				D240CF1E236695EB001F9099 /* Base */,
			);
			name = Main.storyboard;
			sourceTree = "<group>";
		};
		D240CF22236695EC001F9099 /* LaunchScreen.storyboard */ = {
			isa = PBXVariantGroup;
			children = (
				D240CF23236695EC001F9099 /* Base */,
			);
			name = LaunchScreen.storyboard;
			sourceTree = "<group>";
		};
/* End PBXVariantGroup section */

/* Begin XCBuildConfiguration section */
		D240CF26236695EC001F9099 /* Debug */ = {
			isa = XCBuildConfiguration;
			buildSettings = {
				ALWAYS_SEARCH_USER_PATHS = NO;
				CLANG_ANALYZER_NONNULL = YES;
				CLANG_ANALYZER_NUMBER_OBJECT_CONVERSION = YES_AGGRESSIVE;
				CLANG_CXX_LANGUAGE_STANDARD = "gnu++14";
				CLANG_CXX_LIBRARY = "libc++";
				CLANG_ENABLE_MODULES = YES;
				CLANG_ENABLE_OBJC_ARC = YES;
				CLANG_ENABLE_OBJC_WEAK = YES;
				CLANG_WARN_BLOCK_CAPTURE_AUTORELEASING = YES;
				CLANG_WARN_BOOL_CONVERSION = YES;
				CLANG_WARN_COMMA = YES;
				CLANG_WARN_CONSTANT_CONVERSION = YES;
				CLANG_WARN_DEPRECATED_OBJC_IMPLEMENTATIONS = YES;
				CLANG_WARN_DIRECT_OBJC_ISA_USAGE = YES_ERROR;
				CLANG_WARN_DOCUMENTATION_COMMENTS = YES;
				CLANG_WARN_EMPTY_BODY = YES;
				CLANG_WARN_ENUM_CONVERSION = YES;
				CLANG_WARN_INFINITE_RECURSION = YES;
				CLANG_WARN_INT_CONVERSION = YES;
				CLANG_WARN_NON_LITERAL_NULL_CONVERSION = YES;
				CLANG_WARN_OBJC_IMPLICIT_RETAIN_SELF = YES;
				CLANG_WARN_OBJC_LITERAL_CONVERSION = YES;
				CLANG_WARN_OBJC_ROOT_CLASS = YES_ERROR;
				CLANG_WARN_RANGE_LOOP_ANALYSIS = YES;
				CLANG_WARN_STRICT_PROTOTYPES = YES;
				CLANG_WARN_SUSPICIOUS_MOVE = YES;
				CLANG_WARN_UNGUARDED_AVAILABILITY = YES_AGGRESSIVE;
				CLANG_WARN_UNREACHABLE_CODE = YES;
				CLANG_WARN__DUPLICATE_METHOD_MATCH = YES;
				COPY_PHASE_STRIP = NO;
				DEBUG_INFORMATION_FORMAT = dwarf;
				ENABLE_STRICT_OBJC_MSGSEND = YES;
				ENABLE_TESTABILITY = YES;
				GCC_C_LANGUAGE_STANDARD = gnu11;
				GCC_DYNAMIC_NO_PIC = NO;
				GCC_NO_COMMON_BLOCKS = YES;
				GCC_OPTIMIZATION_LEVEL = 0;
				GCC_PREPROCESSOR_DEFINITIONS = (
					"DEBUG=1",
					"$(inherited)",
				);
				GCC_WARN_64_TO_32_BIT_CONVERSION = YES;
				GCC_WARN_ABOUT_RETURN_TYPE = YES_ERROR;
				GCC_WARN_UNDECLARED_SELECTOR = YES;
				GCC_WARN_UNINITIALIZED_AUTOS = YES_AGGRESSIVE;
				GCC_WARN_UNUSED_FUNCTION = YES;
				GCC_WARN_UNUSED_VARIABLE = YES;
				IPHONEOS_DEPLOYMENT_TARGET = 13.1;
				MTL_ENABLE_DEBUG_INFO = INCLUDE_SOURCE;
				MTL_FAST_MATH = YES;
				ONLY_ACTIVE_ARCH = YES;
				SDKROOT = iphoneos;
				SWIFT_ACTIVE_COMPILATION_CONDITIONS = DEBUG;
				SWIFT_OPTIMIZATION_LEVEL = "-Onone";
			};
			name = Debug;
		};
		D240CF27236695EC001F9099 /* Release */ = {
			isa = XCBuildConfiguration;
			buildSettings = {
				ALWAYS_SEARCH_USER_PATHS = NO;
				CLANG_ANALYZER_NONNULL = YES;
				CLANG_ANALYZER_NUMBER_OBJECT_CONVERSION = YES_AGGRESSIVE;
				CLANG_CXX_LANGUAGE_STANDARD = "gnu++14";
				CLANG_CXX_LIBRARY = "libc++";
				CLANG_ENABLE_MODULES = YES;
				CLANG_ENABLE_OBJC_ARC = YES;
				CLANG_ENABLE_OBJC_WEAK = YES;
				CLANG_WARN_BLOCK_CAPTURE_AUTORELEASING = YES;
				CLANG_WARN_BOOL_CONVERSION = YES;
				CLANG_WARN_COMMA = YES;
				CLANG_WARN_CONSTANT_CONVERSION = YES;
				CLANG_WARN_DEPRECATED_OBJC_IMPLEMENTATIONS = YES;
				CLANG_WARN_DIRECT_OBJC_ISA_USAGE = YES_ERROR;
				CLANG_WARN_DOCUMENTATION_COMMENTS = YES;
				CLANG_WARN_EMPTY_BODY = YES;
				CLANG_WARN_ENUM_CONVERSION = YES;
				CLANG_WARN_INFINITE_RECURSION = YES;
				CLANG_WARN_INT_CONVERSION = YES;
				CLANG_WARN_NON_LITERAL_NULL_CONVERSION = YES;
				CLANG_WARN_OBJC_IMPLICIT_RETAIN_SELF = YES;
				CLANG_WARN_OBJC_LITERAL_CONVERSION = YES;
				CLANG_WARN_OBJC_ROOT_CLASS = YES_ERROR;
				CLANG_WARN_RANGE_LOOP_ANALYSIS = YES;
				CLANG_WARN_STRICT_PROTOTYPES = YES;
				CLANG_WARN_SUSPICIOUS_MOVE = YES;
				CLANG_WARN_UNGUARDED_AVAILABILITY = YES_AGGRESSIVE;
				CLANG_WARN_UNREACHABLE_CODE = YES;
				CLANG_WARN__DUPLICATE_METHOD_MATCH = YES;
				COPY_PHASE_STRIP = NO;
				DEBUG_INFORMATION_FORMAT = "dwarf-with-dsym";
				ENABLE_NS_ASSERTIONS = NO;
				ENABLE_STRICT_OBJC_MSGSEND = YES;
				GCC_C_LANGUAGE_STANDARD = gnu11;
				GCC_NO_COMMON_BLOCKS = YES;
				GCC_WARN_64_TO_32_BIT_CONVERSION = YES;
				GCC_WARN_ABOUT_RETURN_TYPE = YES_ERROR;
				GCC_WARN_UNDECLARED_SELECTOR = YES;
				GCC_WARN_UNINITIALIZED_AUTOS = YES_AGGRESSIVE;
				GCC_WARN_UNUSED_FUNCTION = YES;
				GCC_WARN_UNUSED_VARIABLE = YES;
				IPHONEOS_DEPLOYMENT_TARGET = 13.1;
				MTL_ENABLE_DEBUG_INFO = NO;
				MTL_FAST_MATH = YES;
				SDKROOT = iphoneos;
				SWIFT_COMPILATION_MODE = wholemodule;
				SWIFT_OPTIMIZATION_LEVEL = "-O";
				VALIDATE_PRODUCT = YES;
			};
			name = Release;
		};
		D240CF29236695EC001F9099 /* Debug */ = {
			isa = XCBuildConfiguration;
			buildSettings = {
				ASSETCATALOG_COMPILER_APPICON_NAME = AppIcon;
				CODE_SIGN_STYLE = Automatic;
				DEVELOPMENT_TEAM = Z9MFJK4XRX;
				INFOPLIST_FILE = CheckForFirstTimeLaunchDemo/Info.plist;
				LD_RUNPATH_SEARCH_PATHS = (
					"$(inherited)",
					"@executable_path/Frameworks",
				);
				PRODUCT_BUNDLE_IDENTIFIER = com.ericwalker.CheckForFirstTimeLaunchDemo;
				PRODUCT_NAME = "$(TARGET_NAME)";
				SWIFT_VERSION = 5.0;
				TARGETED_DEVICE_FAMILY = "1,2";
			};
			name = Debug;
		};
		D240CF2A236695EC001F9099 /* Release */ = {
			isa = XCBuildConfiguration;
			buildSettings = {
				ASSETCATALOG_COMPILER_APPICON_NAME = AppIcon;
				CODE_SIGN_STYLE = Automatic;
				DEVELOPMENT_TEAM = Z9MFJK4XRX;
				INFOPLIST_FILE = CheckForFirstTimeLaunchDemo/Info.plist;
				LD_RUNPATH_SEARCH_PATHS = (
					"$(inherited)",
					"@executable_path/Frameworks",
				);
				PRODUCT_BUNDLE_IDENTIFIER = com.ericwalker.CheckForFirstTimeLaunchDemo;
				PRODUCT_NAME = "$(TARGET_NAME)";
				SWIFT_VERSION = 5.0;
				TARGETED_DEVICE_FAMILY = "1,2";
			};
			name = Release;
		};
/* End XCBuildConfiguration section */

/* Begin XCConfigurationList section */
		D240CF0F236695EA001F9099 /* Build configuration list for PBXProject "CheckForFirstTimeLaunchDemo" */ = {
			isa = XCConfigurationList;
			buildConfigurations = (
				D240CF26236695EC001F9099 /* Debug */,
				D240CF27236695EC001F9099 /* Release */,
			);
			defaultConfigurationIsVisible = 0;
			defaultConfigurationName = Release;
		};
		D240CF28236695EC001F9099 /* Build configuration list for PBXNativeTarget "CheckForFirstTimeLaunchDemo" */ = {
			isa = XCConfigurationList;
			buildConfigurations = (
				D240CF29236695EC001F9099 /* Debug */,
				D240CF2A236695EC001F9099 /* Release */,
			);
			defaultConfigurationIsVisible = 0;
			defaultConfigurationName = Release;
		};
/* End XCConfigurationList section */
	};
	rootObject = D240CF0C236695EA001F9099 /* Project object */;
}
